
Microsoft Visual Studio Solution File, Format Version 12.00
# Visual Studio Version 17
VisualStudioVersion = 17.5.33424.131
MinimumVisualStudioVersion = 10.0.40219.1
Project("{FAE04EC0-301F-11D3-BF4B-00C04F79EFBC}") = "DnWizard", "DnWizard\DnWizard.csproj", "{F708B43B-4E01-43D7-8437-B32BC1F36401}"
EndProject
Global
	GlobalSection(SolutionConfigurationPlatforms) = preSolution
		Debug|Any CPU = Debug|Any CPU
		Release|Any CPU = Release|Any CPU
	EndGlobalSection
	GlobalSection(ProjectConfigurationPlatforms) = postSolution
		{F708B43B-4E01-43D7-8437-B32BC1F36401}.Debug|Any CPU.ActiveCfg = Debug|Any CPU
		{F708B43B-4E01-43D7-8437-B32BC1F36401}.Debug|Any CPU.Build.0 = Debug|Any CPU
		{F708B43B-4E01-43D7-8437-B32BC1F36401}.Release|Any CPU.ActiveCfg = Release|Any CPU
		{F708B43B-4E01-43D7-8437-B32BC1F36401}.Release|Any CPU.Build.0 = Release|Any CPU
	EndGlobalSection
	GlobalSection(SolutionProperties) = preSolution
		HideSolutionNode = FALSE
	EndGlobalSection
	GlobalSection(ExtensibilityGlobals) = postSolution
		SolutionGuid = {041993C2-020B-4233-81F7-2F37FE8D019C}
	EndGlobalSection
EndGlobal
